
Microsoft Visual Studio Solution File, Format Version 12.00
# Visual Studio 15
VisualStudioVersion = 15.0.28010.2016
MinimumVisualStudioVersion = 10.0.40219.1
Project("{9A19103F-16F7-4668-BE54-9A1E7A4F7556}") = "ExamRef70", "ExamRef70\ExamRef70.csproj", "{4AF3B876-D74B-491A-ABF1-335D41F78295}"
EndProject
Project("{9A19103F-16F7-4668-BE54-9A1E7A4F7556}") = "Objective1._2", "Objective1._2\Objective1._2.csproj", "{5AB9AF86-6B35-4A64-925E-D81F439B0035}"
EndProject
Project("{9A19103F-16F7-4668-BE54-9A1E7A4F7556}") = "Objective_1._3", "Objective_1._3\Objective_1._3.csproj", "{83180071-1148-4643-8175-75FC126CFE8D}"
EndProject
Project("{FAE04EC0-301F-11D3-BF4B-00C04F79EFBC}") = "Objective_2._2", "Objective_2._2\Objective_2._2.csproj", "{9FF1D36E-6A92-464F-82D4-4C48F10AC518}"
EndProject
Global
	GlobalSection(SolutionConfigurationPlatforms) = preSolution
		Debug|Any CPU = Debug|Any CPU
		Release|Any CPU = Release|Any CPU
	EndGlobalSection
	GlobalSection(ProjectConfigurationPlatforms) = postSolution
		{4AF3B876-D74B-491A-ABF1-335D41F78295}.Debug|Any CPU.ActiveCfg = Debug|Any CPU
		{4AF3B876-D74B-491A-ABF1-335D41F78295}.Debug|Any CPU.Build.0 = Debug|Any CPU
		{4AF3B876-D74B-491A-ABF1-335D41F78295}.Release|Any CPU.ActiveCfg = Release|Any CPU
		{4AF3B876-D74B-491A-ABF1-335D41F78295}.Release|Any CPU.Build.0 = Release|Any CPU
		{5AB9AF86-6B35-4A64-925E-D81F439B0035}.Debug|Any CPU.ActiveCfg = Debug|Any CPU
		{5AB9AF86-6B35-4A64-925E-D81F439B0035}.Debug|Any CPU.Build.0 = Debug|Any CPU
		{5AB9AF86-6B35-4A64-925E-D81F439B0035}.Release|Any CPU.ActiveCfg = Release|Any CPU
		{5AB9AF86-6B35-4A64-925E-D81F439B0035}.Release|Any CPU.Build.0 = Release|Any CPU
		{83180071-1148-4643-8175-75FC126CFE8D}.Debug|Any CPU.ActiveCfg = Debug|Any CPU
		{83180071-1148-4643-8175-75FC126CFE8D}.Debug|Any CPU.Build.0 = Debug|Any CPU
		{83180071-1148-4643-8175-75FC126CFE8D}.Release|Any CPU.ActiveCfg = Release|Any CPU
		{83180071-1148-4643-8175-75FC126CFE8D}.Release|Any CPU.Build.0 = Release|Any CPU
		{9FF1D36E-6A92-464F-82D4-4C48F10AC518}.Debug|Any CPU.ActiveCfg = Debug|Any CPU
		{9FF1D36E-6A92-464F-82D4-4C48F10AC518}.Debug|Any CPU.Build.0 = Debug|Any CPU
		{9FF1D36E-6A92-464F-82D4-4C48F10AC518}.Release|Any CPU.ActiveCfg = Release|Any CPU
		{9FF1D36E-6A92-464F-82D4-4C48F10AC518}.Release|Any CPU.Build.0 = Release|Any CPU
	EndGlobalSection
	GlobalSection(SolutionProperties) = preSolution
		HideSolutionNode = FALSE
	EndGlobalSection
	GlobalSection(ExtensibilityGlobals) = postSolution
		SolutionGuid = {3ACBBE77-E066-4584-9842-18CBE274663B}
	EndGlobalSection
EndGlobal
